
Microsoft Visual Studio Solution File, Format Version 12.00
Project("{FAE04EC0-301F-11D3-BF4B-00C04F79EFBC}") = "Neven.Axpo.Domain", "Neven.Axpo.Domain\Neven.Axpo.Domain.csproj", "{1BF45B16-88C1-4275-BDA7-5BABFD7D74EA}"
EndProject
Project("{FAE04EC0-301F-11D3-BF4B-00C04F79EFBC}") = "Neven.Axpo.Application", "Neven.Axpo.Application\Neven.Axpo.Application.csproj", "{48B92326-44D1-44BB-9FDA-7E9E3B1F8C2C}"
EndProject
Project("{FAE04EC0-301F-11D3-BF4B-00C04F79EFBC}") = "Neven.Axpo.Infrastructure", "Neven.Axpo.Infrastructure\Neven.Axpo.Infrastructure.csproj", "{DAF72A8B-3798-4288-B1AA-2295B709B1C1}"
EndProject
Project("{2150E333-8FDC-42A3-9474-1A3956D46DE8}") = "Tests", "Tests", "{91A42F1B-09F1-460F-B614-CB3DCFEF36B5}"
EndProject
Project("{FAE04EC0-301F-11D3-BF4B-00C04F79EFBC}") = "Neven.Axpo.Application.UnitTests", "Tests\Neven.Axpo.Application.UnitTests\Neven.Axpo.Application.UnitTests.csproj", "{5EC221AB-4886-4138-969C-A86C307A7746}"
EndProject
Project("{FAE04EC0-301F-11D3-BF4B-00C04F79EFBC}") = "Neven.Axpo.Infrastructure.UnitTests", "Tests\Neven.Axpo.Infrastructure.UnitTests\Neven.Axpo.Infrastructure.UnitTests.csproj", "{BB7EDA50-8467-4354-A8D3-9CB3BCE6EAAC}"
EndProject
Global
	GlobalSection(SolutionConfigurationPlatforms) = preSolution
		Debug|Any CPU = Debug|Any CPU
		Release|Any CPU = Release|Any CPU
	EndGlobalSection
	GlobalSection(ProjectConfigurationPlatforms) = postSolution
		{1BF45B16-88C1-4275-BDA7-5BABFD7D74EA}.Debug|Any CPU.ActiveCfg = Debug|Any CPU
		{1BF45B16-88C1-4275-BDA7-5BABFD7D74EA}.Debug|Any CPU.Build.0 = Debug|Any CPU
		{1BF45B16-88C1-4275-BDA7-5BABFD7D74EA}.Release|Any CPU.ActiveCfg = Release|Any CPU
		{1BF45B16-88C1-4275-BDA7-5BABFD7D74EA}.Release|Any CPU.Build.0 = Release|Any CPU
		{48B92326-44D1-44BB-9FDA-7E9E3B1F8C2C}.Debug|Any CPU.ActiveCfg = Debug|Any CPU
		{48B92326-44D1-44BB-9FDA-7E9E3B1F8C2C}.Debug|Any CPU.Build.0 = Debug|Any CPU
		{48B92326-44D1-44BB-9FDA-7E9E3B1F8C2C}.Release|Any CPU.ActiveCfg = Release|Any CPU
		{48B92326-44D1-44BB-9FDA-7E9E3B1F8C2C}.Release|Any CPU.Build.0 = Release|Any CPU
		{DAF72A8B-3798-4288-B1AA-2295B709B1C1}.Debug|Any CPU.ActiveCfg = Debug|Any CPU
		{DAF72A8B-3798-4288-B1AA-2295B709B1C1}.Debug|Any CPU.Build.0 = Debug|Any CPU
		{DAF72A8B-3798-4288-B1AA-2295B709B1C1}.Release|Any CPU.ActiveCfg = Release|Any CPU
		{DAF72A8B-3798-4288-B1AA-2295B709B1C1}.Release|Any CPU.Build.0 = Release|Any CPU
		{5EC221AB-4886-4138-969C-A86C307A7746}.Debug|Any CPU.ActiveCfg = Debug|Any CPU
		{5EC221AB-4886-4138-969C-A86C307A7746}.Debug|Any CPU.Build.0 = Debug|Any CPU
		{5EC221AB-4886-4138-969C-A86C307A7746}.Release|Any CPU.ActiveCfg = Release|Any CPU
		{5EC221AB-4886-4138-969C-A86C307A7746}.Release|Any CPU.Build.0 = Release|Any CPU
		{BB7EDA50-8467-4354-A8D3-9CB3BCE6EAAC}.Debug|Any CPU.ActiveCfg = Debug|Any CPU
		{BB7EDA50-8467-4354-A8D3-9CB3BCE6EAAC}.Debug|Any CPU.Build.0 = Debug|Any CPU
		{BB7EDA50-8467-4354-A8D3-9CB3BCE6EAAC}.Release|Any CPU.ActiveCfg = Release|Any CPU
		{BB7EDA50-8467-4354-A8D3-9CB3BCE6EAAC}.Release|Any CPU.Build.0 = Release|Any CPU
	EndGlobalSection
	GlobalSection(NestedProjects) = preSolution
		{5EC221AB-4886-4138-969C-A86C307A7746} = {91A42F1B-09F1-460F-B614-CB3DCFEF36B5}
		{BB7EDA50-8467-4354-A8D3-9CB3BCE6EAAC} = {91A42F1B-09F1-460F-B614-CB3DCFEF36B5}
	EndGlobalSection
EndGlobal
